
Microsoft Visual Studio Solution File, Format Version 12.00
# Visual Studio Version 17
VisualStudioVersion = 17.6.33829.357
MinimumVisualStudioVersion = 10.0.40219.1
Project("{FAE04EC0-301F-11D3-BF4B-00C04F79EFBC}") = "oneYear", "oneYear\oneYear.csproj", "{1991D4FC-77B1-456A-A205-6CED62F849BA}"
EndProject
Global
	GlobalSection(SolutionConfigurationPlatforms) = preSolution
		Debug|Any CPU = Debug|Any CPU
		Release|Any CPU = Release|Any CPU
	EndGlobalSection
	GlobalSection(ProjectConfigurationPlatforms) = postSolution
		{1991D4FC-77B1-456A-A205-6CED62F849BA}.Debug|Any CPU.ActiveCfg = Debug|Any CPU
		{1991D4FC-77B1-456A-A205-6CED62F849BA}.Debug|Any CPU.Build.0 = Debug|Any CPU
		{1991D4FC-77B1-456A-A205-6CED62F849BA}.Release|Any CPU.ActiveCfg = Release|Any CPU
		{1991D4FC-77B1-456A-A205-6CED62F849BA}.Release|Any CPU.Build.0 = Release|Any CPU
	EndGlobalSection
	GlobalSection(SolutionProperties) = preSolution
		HideSolutionNode = FALSE
	EndGlobalSection
	GlobalSection(ExtensibilityGlobals) = postSolution
		SolutionGuid = {5587C1C2-956A-4C40-8DE8-81133E593735}
	EndGlobalSection
EndGlobal
